// !$*UTF8*$!
{
	archiveVersion = 1;
	classes = {
	};
	objectVersion = 60;
	objects = {

/* Begin PBXBuildFile section */
		9FA8ED932C3EE0CB00858887 /* RealityKitContent in Frameworks */ = {isa = PBXBuildFile; productRef = 9FA8ED922C3EE0CB00858887 /* RealityKitContent */; };
		9FA8ED952C3EE0CB00858887 /* DrumKitApp.swift in Sources */ = {isa = PBXBuildFile; fileRef = 9FA8ED942C3EE0CB00858887 /* DrumKitApp.swift */; };
		9FA8ED972C3EE0CB00858887 /* ContentView.swift in Sources */ = {isa = PBXBuildFile; fileRef = 9FA8ED962C3EE0CB00858887 /* ContentView.swift */; };
		9FA8ED992C3EE0CB00858887 /* AppModel.swift in Sources */ = {isa = PBXBuildFile; fileRef = 9FA8ED982C3EE0CB00858887 /* AppModel.swift */; };
		9FA8ED9B2C3EE0CB00858887 /* ToggleImmersiveSpaceButton.swift in Sources */ = {isa = PBXBuildFile; fileRef = 9FA8ED9A2C3EE0CB00858887 /* ToggleImmersiveSpaceButton.swift */; };
		9FA8ED9D2C3EE0CB00858887 /* ImmersiveView.swift in Sources */ = {isa = PBXBuildFile; fileRef = 9FA8ED9C2C3EE0CB00858887 /* ImmersiveView.swift */; };
		9FA8ED9F2C3EE0CD00858887 /* Assets.xcassets in Resources */ = {isa = PBXBuildFile; fileRef = 9FA8ED9E2C3EE0CD00858887 /* Assets.xcassets */; };
		9FA8EDA22C3EE0CD00858887 /* Preview Assets.xcassets in Resources */ = {isa = PBXBuildFile; fileRef = 9FA8EDA12C3EE0CD00858887 /* Preview Assets.xcassets */; };
		9FA8EDAD2C3EE0CD00858887 /* DrumKitTests.swift in Sources */ = {isa = PBXBuildFile; fileRef = 9FA8EDAC2C3EE0CD00858887 /* DrumKitTests.swift */; };
/* End PBXBuildFile section */

/* Begin PBXContainerItemProxy section */
		9FA8EDA92C3EE0CD00858887 /* PBXContainerItemProxy */ = {
			isa = PBXContainerItemProxy;
			containerPortal = 9FA8ED852C3EE0CB00858887 /* Project object */;
			proxyType = 1;
			remoteGlobalIDString = 9FA8ED8C2C3EE0CB00858887;
			remoteInfo = DrumKit;
		};
/* End PBXContainerItemProxy section */

/* Begin PBXFileReference section */
		9FA8ED8D2C3EE0CB00858887 /* DrumKit.app */ = {isa = PBXFileReference; explicitFileType = wrapper.application; includeInIndex = 0; path = DrumKit.app; sourceTree = BUILT_PRODUCTS_DIR; };
		9FA8ED912C3EE0CB00858887 /* RealityKitContent */ = {isa = PBXFileReference; lastKnownFileType = wrapper; path = RealityKitContent; sourceTree = "<group>"; };
		9FA8ED942C3EE0CB00858887 /* DrumKitApp.swift */ = {isa = PBXFileReference; lastKnownFileType = sourcecode.swift; path = DrumKitApp.swift; sourceTree = "<group>"; };
		9FA8ED962C3EE0CB00858887 /* ContentView.swift */ = {isa = PBXFileReference; lastKnownFileType = sourcecode.swift; path = ContentView.swift; sourceTree = "<group>"; };
		9FA8ED982C3EE0CB00858887 /* AppModel.swift */ = {isa = PBXFileReference; lastKnownFileType = sourcecode.swift; path = AppModel.swift; sourceTree = "<group>"; };
		9FA8ED9A2C3EE0CB00858887 /* ToggleImmersiveSpaceButton.swift */ = {isa = PBXFileReference; lastKnownFileType = sourcecode.swift; path = ToggleImmersiveSpaceButton.swift; sourceTree = "<group>"; };
		9FA8ED9C2C3EE0CB00858887 /* ImmersiveView.swift */ = {isa = PBXFileReference; lastKnownFileType = sourcecode.swift; path = ImmersiveView.swift; sourceTree = "<group>"; };
		9FA8ED9E2C3EE0CD00858887 /* Assets.xcassets */ = {isa = PBXFileReference; lastKnownFileType = folder.assetcatalog; path = Assets.xcassets; sourceTree = "<group>"; };
		9FA8EDA12C3EE0CD00858887 /* Preview Assets.xcassets */ = {isa = PBXFileReference; lastKnownFileType = folder.assetcatalog; path = "Preview Assets.xcassets"; sourceTree = "<group>"; };
		9FA8EDA32C3EE0CD00858887 /* Info.plist */ = {isa = PBXFileReference; lastKnownFileType = text.plist.xml; path = Info.plist; sourceTree = "<group>"; };
		9FA8EDA82C3EE0CD00858887 /* DrumKitTests.xctest */ = {isa = PBXFileReference; explicitFileType = wrapper.cfbundle; includeInIndex = 0; path = DrumKitTests.xctest; sourceTree = BUILT_PRODUCTS_DIR; };
		9FA8EDAC2C3EE0CD00858887 /* DrumKitTests.swift */ = {isa = PBXFileReference; lastKnownFileType = sourcecode.swift; path = DrumKitTests.swift; sourceTree = "<group>"; };
/* End PBXFileReference section */

/* Begin PBXFrameworksBuildPhase section */
		9FA8ED8A2C3EE0CB00858887 /* Frameworks */ = {
			isa = PBXFrameworksBuildPhase;
			buildActionMask = 2147483647;
			files = (
				9FA8ED932C3EE0CB00858887 /* RealityKitContent in Frameworks */,
			);
			runOnlyForDeploymentPostprocessing = 0;
		};
		9FA8EDA52C3EE0CD00858887 /* Frameworks */ = {
			isa = PBXFrameworksBuildPhase;
			buildActionMask = 2147483647;
			files = (
			);
			runOnlyForDeploymentPostprocessing = 0;
		};
/* End PBXFrameworksBuildPhase section */

/* Begin PBXGroup section */
		9FA8ED842C3EE0CB00858887 = {
			isa = PBXGroup;
			children = (
				9FA8ED8F2C3EE0CB00858887 /* DrumKit */,
				9FA8ED902C3EE0CB00858887 /* Packages */,
				9FA8EDAB2C3EE0CD00858887 /* DrumKitTests */,
				9FA8ED8E2C3EE0CB00858887 /* Products */,
			);
			sourceTree = "<group>";
		};
		9FA8ED8E2C3EE0CB00858887 /* Products */ = {
			isa = PBXGroup;
			children = (
				9FA8ED8D2C3EE0CB00858887 /* DrumKit.app */,
				9FA8EDA82C3EE0CD00858887 /* DrumKitTests.xctest */,
			);
			name = Products;
			sourceTree = "<group>";
		};
		9FA8ED8F2C3EE0CB00858887 /* DrumKit */ = {
			isa = PBXGroup;
			children = (
				9FA8ED942C3EE0CB00858887 /* DrumKitApp.swift */,
				9FA8ED962C3EE0CB00858887 /* ContentView.swift */,
				9FA8ED982C3EE0CB00858887 /* AppModel.swift */,
				9FA8ED9A2C3EE0CB00858887 /* ToggleImmersiveSpaceButton.swift */,
				9FA8ED9C2C3EE0CB00858887 /* ImmersiveView.swift */,
				9FA8ED9E2C3EE0CD00858887 /* Assets.xcassets */,
				9FA8EDA32C3EE0CD00858887 /* Info.plist */,
				9FA8EDA02C3EE0CD00858887 /* Preview Content */,
			);
			path = DrumKit;
			sourceTree = "<group>";
		};
		9FA8ED902C3EE0CB00858887 /* Packages */ = {
			isa = PBXGroup;
			children = (
				9FA8ED912C3EE0CB00858887 /* RealityKitContent */,
			);
			path = Packages;
			sourceTree = "<group>";
		};
		9FA8EDA02C3EE0CD00858887 /* Preview Content */ = {
			isa = PBXGroup;
			children = (
				9FA8EDA12C3EE0CD00858887 /* Preview Assets.xcassets */,
			);
			path = "Preview Content";
			sourceTree = "<group>";
		};
		9FA8EDAB2C3EE0CD00858887 /* DrumKitTests */ = {
			isa = PBXGroup;
			children = (
				9FA8EDAC2C3EE0CD00858887 /* DrumKitTests.swift */,
			);
			path = DrumKitTests;
			sourceTree = "<group>";
		};
/* End PBXGroup section */

/* Begin PBXNativeTarget section */
		9FA8ED8C2C3EE0CB00858887 /* DrumKit */ = {
			isa = PBXNativeTarget;
			buildConfigurationList = 9FA8EDB02C3EE0CD00858887 /* Build configuration list for PBXNativeTarget "DrumKit" */;
			buildPhases = (
				9FA8ED892C3EE0CB00858887 /* Sources */,
				9FA8ED8A2C3EE0CB00858887 /* Frameworks */,
				9FA8ED8B2C3EE0CB00858887 /* Resources */,
			);
			buildRules = (
			);
			dependencies = (
			);
			name = DrumKit;
			packageProductDependencies = (
				9FA8ED922C3EE0CB00858887 /* RealityKitContent */,
			);
			productName = DrumKit;
			productReference = 9FA8ED8D2C3EE0CB00858887 /* DrumKit.app */;
			productType = "com.apple.product-type.application";
		};
		9FA8EDA72C3EE0CD00858887 /* DrumKitTests */ = {
			isa = PBXNativeTarget;
			buildConfigurationList = 9FA8EDB32C3EE0CD00858887 /* Build configuration list for PBXNativeTarget "DrumKitTests" */;
			buildPhases = (
				9FA8EDA42C3EE0CD00858887 /* Sources */,
				9FA8EDA52C3EE0CD00858887 /* Frameworks */,
				9FA8EDA62C3EE0CD00858887 /* Resources */,
			);
			buildRules = (
			);
			dependencies = (
				9FA8EDAA2C3EE0CD00858887 /* PBXTargetDependency */,
			);
			name = DrumKitTests;
			productName = DrumKitTests;
			productReference = 9FA8EDA82C3EE0CD00858887 /* DrumKitTests.xctest */;
			productType = "com.apple.product-type.bundle.unit-test";
		};
/* End PBXNativeTarget section */

/* Begin PBXProject section */
		9FA8ED852C3EE0CB00858887 /* Project object */ = {
			isa = PBXProject;
			attributes = {
				BuildIndependentTargetsInParallel = 1;
				LastSwiftUpdateCheck = 1600;
				LastUpgradeCheck = 1600;
				TargetAttributes = {
					9FA8ED8C2C3EE0CB00858887 = {
						CreatedOnToolsVersion = 16.0;
					};
					9FA8EDA72C3EE0CD00858887 = {
						CreatedOnToolsVersion = 16.0;
						TestTargetID = 9FA8ED8C2C3EE0CB00858887;
					};
				};
			};
			buildConfigurationList = 9FA8ED882C3EE0CB00858887 /* Build configuration list for PBXProject "DrumKit" */;
			compatibilityVersion = "Xcode 15.0";
			developmentRegion = en;
			hasScannedForEncodings = 0;
			knownRegions = (
				en,
				Base,
			);
			mainGroup = 9FA8ED842C3EE0CB00858887;
			productRefGroup = 9FA8ED8E2C3EE0CB00858887 /* Products */;
			projectDirPath = "";
			projectRoot = "";
			targets = (
				9FA8ED8C2C3EE0CB00858887 /* DrumKit */,
				9FA8EDA72C3EE0CD00858887 /* DrumKitTests */,
			);
		};
/* End PBXProject section */

/* Begin PBXResourcesBuildPhase section */
		9FA8ED8B2C3EE0CB00858887 /* Resources */ = {
			isa = PBXResourcesBuildPhase;
			buildActionMask = 2147483647;
			files = (
				9FA8EDA22C3EE0CD00858887 /* Preview Assets.xcassets in Resources */,
				9FA8ED9F2C3EE0CD00858887 /* Assets.xcassets in Resources */,
			);
			runOnlyForDeploymentPostprocessing = 0;
		};
		9FA8EDA62C3EE0CD00858887 /* Resources */ = {
			isa = PBXResourcesBuildPhase;
			buildActionMask = 2147483647;
			files = (
			);
			runOnlyForDeploymentPostprocessing = 0;
		};
/* End PBXResourcesBuildPhase section */

/* Begin PBXSourcesBuildPhase section */
		9FA8ED892C3EE0CB00858887 /* Sources */ = {
			isa = PBXSourcesBuildPhase;
			buildActionMask = 2147483647;
			files = (
				9FA8ED9B2C3EE0CB00858887 /* ToggleImmersiveSpaceButton.swift in Sources */,
				9FA8ED972C3EE0CB00858887 /* ContentView.swift in Sources */,
				9FA8ED9D2C3EE0CB00858887 /* ImmersiveView.swift in Sources */,
				9FA8ED992C3EE0CB00858887 /* AppModel.swift in Sources */,
				9FA8ED952C3EE0CB00858887 /* DrumKitApp.swift in Sources */,
			);
			runOnlyForDeploymentPostprocessing = 0;
		};
		9FA8EDA42C3EE0CD00858887 /* Sources */ = {
			isa = PBXSourcesBuildPhase;
			buildActionMask = 2147483647;
			files = (
				9FA8EDAD2C3EE0CD00858887 /* DrumKitTests.swift in Sources */,
			);
			runOnlyForDeploymentPostprocessing = 0;
		};
/* End PBXSourcesBuildPhase section */

/* Begin PBXTargetDependency section */
		9FA8EDAA2C3EE0CD00858887 /* PBXTargetDependency */ = {
			isa = PBXTargetDependency;
			target = 9FA8ED8C2C3EE0CB00858887 /* DrumKit */;
			targetProxy = 9FA8EDA92C3EE0CD00858887 /* PBXContainerItemProxy */;
		};
/* End PBXTargetDependency section */

/* Begin XCBuildConfiguration section */
		9FA8EDAE2C3EE0CD00858887 /* Debug */ = {
			isa = XCBuildConfiguration;
			buildSettings = {
				ALWAYS_SEARCH_USER_PATHS = NO;
				ASSETCATALOG_COMPILER_GENERATE_SWIFT_ASSET_SYMBOL_EXTENSIONS = YES;
				CLANG_ANALYZER_NONNULL = YES;
				CLANG_ANALYZER_NUMBER_OBJECT_CONVERSION = YES_AGGRESSIVE;
				CLANG_CXX_LANGUAGE_STANDARD = "gnu++20";
				CLANG_ENABLE_MODULES = YES;
				CLANG_ENABLE_OBJC_ARC = YES;
				CLANG_ENABLE_OBJC_WEAK = YES;
				CLANG_WARN_BLOCK_CAPTURE_AUTORELEASING = YES;
				CLANG_WARN_BOOL_CONVERSION = YES;
				CLANG_WARN_COMMA = YES;
				CLANG_WARN_CONSTANT_CONVERSION = YES;
				CLANG_WARN_DEPRECATED_OBJC_IMPLEMENTATIONS = YES;
				CLANG_WARN_DIRECT_OBJC_ISA_USAGE = YES_ERROR;
				CLANG_WARN_DOCUMENTATION_COMMENTS = YES;
				CLANG_WARN_EMPTY_BODY = YES;
				CLANG_WARN_ENUM_CONVERSION = YES;
				CLANG_WARN_INFINITE_RECURSION = YES;
				CLANG_WARN_INT_CONVERSION = YES;
				CLANG_WARN_NON_LITERAL_NULL_CONVERSION = YES;
				CLANG_WARN_OBJC_IMPLICIT_RETAIN_SELF = YES;
				CLANG_WARN_OBJC_LITERAL_CONVERSION = YES;
				CLANG_WARN_OBJC_ROOT_CLASS = YES_ERROR;
				CLANG_WARN_QUOTED_INCLUDE_IN_FRAMEWORK_HEADER = YES;
				CLANG_WARN_RANGE_LOOP_ANALYSIS = YES;
				CLANG_WARN_STRICT_PROTOTYPES = YES;
				CLANG_WARN_SUSPICIOUS_MOVE = YES;
				CLANG_WARN_UNGUARDED_AVAILABILITY = YES_AGGRESSIVE;
				CLANG_WARN_UNREACHABLE_CODE = YES;
				CLANG_WARN__DUPLICATE_METHOD_MATCH = YES;
				COPY_PHASE_STRIP = NO;
				DEBUG_INFORMATION_FORMAT = dwarf;
				ENABLE_STRICT_OBJC_MSGSEND = YES;
				ENABLE_TESTABILITY = YES;
				ENABLE_USER_SCRIPT_SANDBOXING = YES;
				GCC_C_LANGUAGE_STANDARD = gnu17;
				GCC_DYNAMIC_NO_PIC = NO;
				GCC_NO_COMMON_BLOCKS = YES;
				GCC_OPTIMIZATION_LEVEL = 0;
				GCC_PREPROCESSOR_DEFINITIONS = (
					"DEBUG=1",
					"$(inherited)",
				);
				GCC_WARN_64_TO_32_BIT_CONVERSION = YES;
				GCC_WARN_ABOUT_RETURN_TYPE = YES_ERROR;
				GCC_WARN_UNDECLARED_SELECTOR = YES;
				GCC_WARN_UNINITIALIZED_AUTOS = YES_AGGRESSIVE;
				GCC_WARN_UNUSED_FUNCTION = YES;
				GCC_WARN_UNUSED_VARIABLE = YES;
				LOCALIZATION_PREFERS_STRING_CATALOGS = YES;
				MTL_ENABLE_DEBUG_INFO = INCLUDE_SOURCE;
				MTL_FAST_MATH = YES;
				ONLY_ACTIVE_ARCH = YES;
				SDKROOT = xros;
				SWIFT_ACTIVE_COMPILATION_CONDITIONS = "DEBUG $(inherited)";
				SWIFT_OPTIMIZATION_LEVEL = "-Onone";
				XROS_DEPLOYMENT_TARGET = 2.0;
			};
			name = Debug;
		};
		9FA8EDAF2C3EE0CD00858887 /* Release */ = {
			isa = XCBuildConfiguration;
			buildSettings = {
				ALWAYS_SEARCH_USER_PATHS = NO;
				ASSETCATALOG_COMPILER_GENERATE_SWIFT_ASSET_SYMBOL_EXTENSIONS = YES;
				CLANG_ANALYZER_NONNULL = YES;
				CLANG_ANALYZER_NUMBER_OBJECT_CONVERSION = YES_AGGRESSIVE;
				CLANG_CXX_LANGUAGE_STANDARD = "gnu++20";
				CLANG_ENABLE_MODULES = YES;
				CLANG_ENABLE_OBJC_ARC = YES;
				CLANG_ENABLE_OBJC_WEAK = YES;
				CLANG_WARN_BLOCK_CAPTURE_AUTORELEASING = YES;
				CLANG_WARN_BOOL_CONVERSION = YES;
				CLANG_WARN_COMMA = YES;
				CLANG_WARN_CONSTANT_CONVERSION = YES;
				CLANG_WARN_DEPRECATED_OBJC_IMPLEMENTATIONS = YES;
				CLANG_WARN_DIRECT_OBJC_ISA_USAGE = YES_ERROR;
				CLANG_WARN_DOCUMENTATION_COMMENTS = YES;
				CLANG_WARN_EMPTY_BODY = YES;
				CLANG_WARN_ENUM_CONVERSION = YES;
				CLANG_WARN_INFINITE_RECURSION = YES;
				CLANG_WARN_INT_CONVERSION = YES;
				CLANG_WARN_NON_LITERAL_NULL_CONVERSION = YES;
				CLANG_WARN_OBJC_IMPLICIT_RETAIN_SELF = YES;
				CLANG_WARN_OBJC_LITERAL_CONVERSION = YES;
				CLANG_WARN_OBJC_ROOT_CLASS = YES_ERROR;
				CLANG_WARN_QUOTED_INCLUDE_IN_FRAMEWORK_HEADER = YES;
				CLANG_WARN_RANGE_LOOP_ANALYSIS = YES;
				CLANG_WARN_STRICT_PROTOTYPES = YES;
				CLANG_WARN_SUSPICIOUS_MOVE = YES;
				CLANG_WARN_UNGUARDED_AVAILABILITY = YES_AGGRESSIVE;
				CLANG_WARN_UNREACHABLE_CODE = YES;
				CLANG_WARN__DUPLICATE_METHOD_MATCH = YES;
				COPY_PHASE_STRIP = NO;
				DEBUG_INFORMATION_FORMAT = "dwarf-with-dsym";
				ENABLE_NS_ASSERTIONS = NO;
				ENABLE_STRICT_OBJC_MSGSEND = YES;
				ENABLE_USER_SCRIPT_SANDBOXING = YES;
				GCC_C_LANGUAGE_STANDARD = gnu17;
				GCC_NO_COMMON_BLOCKS = YES;
				GCC_WARN_64_TO_32_BIT_CONVERSION = YES;
				GCC_WARN_ABOUT_RETURN_TYPE = YES_ERROR;
				GCC_WARN_UNDECLARED_SELECTOR = YES;
				GCC_WARN_UNINITIALIZED_AUTOS = YES_AGGRESSIVE;
				GCC_WARN_UNUSED_FUNCTION = YES;
				GCC_WARN_UNUSED_VARIABLE = YES;
				LOCALIZATION_PREFERS_STRING_CATALOGS = YES;
				MTL_ENABLE_DEBUG_INFO = NO;
				MTL_FAST_MATH = YES;
				SDKROOT = xros;
				SWIFT_COMPILATION_MODE = wholemodule;
				VALIDATE_PRODUCT = YES;
				XROS_DEPLOYMENT_TARGET = 2.0;
			};
			name = Release;
		};
		9FA8EDB12C3EE0CD00858887 /* Debug */ = {
			isa = XCBuildConfiguration;
			buildSettings = {
				ASSETCATALOG_COMPILER_APPICON_NAME = AppIcon;
				ASSETCATALOG_COMPILER_GLOBAL_ACCENT_COLOR_NAME = AccentColor;
				CODE_SIGN_STYLE = Automatic;
				CURRENT_PROJECT_VERSION = 1;
				DEVELOPMENT_ASSET_PATHS = "\"DrumKit/Preview Content\"";
				DEVELOPMENT_TEAM = AF58A35PK6;
				ENABLE_PREVIEWS = YES;
				GENERATE_INFOPLIST_FILE = YES;
				INFOPLIST_FILE = "$(TARGET_NAME)/Info.plist";
				LD_RUNPATH_SEARCH_PATHS = (
					"$(inherited)",
					"@executable_path/Frameworks",
				);
				MARKETING_VERSION = 1.0;
				PRODUCT_BUNDLE_IDENTIFIER = com.bybison.DrumKit;
				PRODUCT_NAME = "$(TARGET_NAME)";
				SUPPORTED_PLATFORMS = "xros xrsimulator";
				SWIFT_EMIT_LOC_STRINGS = YES;
				SWIFT_VERSION = 5.0;
				TARGETED_DEVICE_FAMILY = 7;
			};
			name = Debug;
		};
		9FA8EDB22C3EE0CD00858887 /* Release */ = {
			isa = XCBuildConfiguration;
			buildSettings = {
				ASSETCATALOG_COMPILER_APPICON_NAME = AppIcon;
				ASSETCATALOG_COMPILER_GLOBAL_ACCENT_COLOR_NAME = AccentColor;
				CODE_SIGN_STYLE = Automatic;
				CURRENT_PROJECT_VERSION = 1;
				DEVELOPMENT_ASSET_PATHS = "\"DrumKit/Preview Content\"";
				DEVELOPMENT_TEAM = AF58A35PK6;
				ENABLE_PREVIEWS = YES;
				GENERATE_INFOPLIST_FILE = YES;
				INFOPLIST_FILE = "$(TARGET_NAME)/Info.plist";
				LD_RUNPATH_SEARCH_PATHS = (
					"$(inherited)",
					"@executable_path/Frameworks",
				);
				MARKETING_VERSION = 1.0;
				PRODUCT_BUNDLE_IDENTIFIER = com.bybison.DrumKit;
				PRODUCT_NAME = "$(TARGET_NAME)";
				SUPPORTED_PLATFORMS = "xros xrsimulator";
				SWIFT_EMIT_LOC_STRINGS = YES;
				SWIFT_VERSION = 5.0;
				TARGETED_DEVICE_FAMILY = 7;
			};
			name = Release;
		};
		9FA8EDB42C3EE0CD00858887 /* Debug */ = {
			isa = XCBuildConfiguration;
			buildSettings = {
				BUNDLE_LOADER = "$(TEST_HOST)";
				CODE_SIGN_STYLE = Automatic;
				CURRENT_PROJECT_VERSION = 1;
				DEVELOPMENT_TEAM = AF58A35PK6;
				GENERATE_INFOPLIST_FILE = YES;
				MARKETING_VERSION = 1.0;
				PRODUCT_BUNDLE_IDENTIFIER = com.bybison.DrumKitTests;
				PRODUCT_NAME = "$(TARGET_NAME)";
				SUPPORTED_PLATFORMS = "xros xrsimulator";
				SWIFT_EMIT_LOC_STRINGS = NO;
				SWIFT_VERSION = 5.0;
				TARGETED_DEVICE_FAMILY = 7;
				TEST_HOST = "$(BUILT_PRODUCTS_DIR)/DrumKit.app/$(BUNDLE_EXECUTABLE_FOLDER_PATH)/DrumKit";
				XROS_DEPLOYMENT_TARGET = 2.0;
			};
			name = Debug;
		};
		9FA8EDB52C3EE0CD00858887 /* Release */ = {
			isa = XCBuildConfiguration;
			buildSettings = {
				BUNDLE_LOADER = "$(TEST_HOST)";
				CODE_SIGN_STYLE = Automatic;
				CURRENT_PROJECT_VERSION = 1;
				DEVELOPMENT_TEAM = AF58A35PK6;
				GENERATE_INFOPLIST_FILE = YES;
				MARKETING_VERSION = 1.0;
				PRODUCT_BUNDLE_IDENTIFIER = com.bybison.DrumKitTests;
				PRODUCT_NAME = "$(TARGET_NAME)";
				SUPPORTED_PLATFORMS = "xros xrsimulator";
				SWIFT_EMIT_LOC_STRINGS = NO;
				SWIFT_VERSION = 5.0;
				TARGETED_DEVICE_FAMILY = 7;
				TEST_HOST = "$(BUILT_PRODUCTS_DIR)/DrumKit.app/$(BUNDLE_EXECUTABLE_FOLDER_PATH)/DrumKit";
				XROS_DEPLOYMENT_TARGET = 2.0;
			};
			name = Release;
		};
/* End XCBuildConfiguration section */

/* Begin XCConfigurationList section */
		9FA8ED882C3EE0CB00858887 /* Build configuration list for PBXProject "DrumKit" */ = {
			isa = XCConfigurationList;
			buildConfigurations = (
				9FA8EDAE2C3EE0CD00858887 /* Debug */,
				9FA8EDAF2C3EE0CD00858887 /* Release */,
			);
			defaultConfigurationIsVisible = 0;
			defaultConfigurationName = Release;
		};
		9FA8EDB02C3EE0CD00858887 /* Build configuration list for PBXNativeTarget "DrumKit" */ = {
			isa = XCConfigurationList;
			buildConfigurations = (
				9FA8EDB12C3EE0CD00858887 /* Debug */,
				9FA8EDB22C3EE0CD00858887 /* Release */,
			);
			defaultConfigurationIsVisible = 0;
			defaultConfigurationName = Release;
		};
		9FA8EDB32C3EE0CD00858887 /* Build configuration list for PBXNativeTarget "DrumKitTests" */ = {
			isa = XCConfigurationList;
			buildConfigurations = (
				9FA8EDB42C3EE0CD00858887 /* Debug */,
				9FA8EDB52C3EE0CD00858887 /* Release */,
			);
			defaultConfigurationIsVisible = 0;
			defaultConfigurationName = Release;
		};
/* End XCConfigurationList section */

/* Begin XCSwiftPackageProductDependency section */
		9FA8ED922C3EE0CB00858887 /* RealityKitContent */ = {
			isa = XCSwiftPackageProductDependency;
			productName = RealityKitContent;
		};
/* End XCSwiftPackageProductDependency section */
	};
	rootObject = 9FA8ED852C3EE0CB00858887 /* Project object */;
}
