// !$*UTF8*$!
{
	archiveVersion = 1;
	classes = {
	};
	objectVersion = 60;
	objects = {

/* Begin PBXBuildFile section */
		9FA8ED612C3EA7C800858887 /* RealityKitContent in Frameworks */ = {isa = PBXBuildFile; productRef = 9FA8ED602C3EA7C800858887 /* RealityKitContent */; };
		9FA8ED632C3EA7C800858887 /* BalloonVolleyApp.swift in Sources */ = {isa = PBXBuildFile; fileRef = 9FA8ED622C3EA7C800858887 /* BalloonVolleyApp.swift */; };
		9FA8ED652C3EA7C800858887 /* ContentView.swift in Sources */ = {isa = PBXBuildFile; fileRef = 9FA8ED642C3EA7C800858887 /* ContentView.swift */; };
		9FA8ED672C3EA7C800858887 /* AppModel.swift in Sources */ = {isa = PBXBuildFile; fileRef = 9FA8ED662C3EA7C800858887 /* AppModel.swift */; };
		9FA8ED692C3EA7C900858887 /* ToggleImmersiveSpaceButton.swift in Sources */ = {isa = PBXBuildFile; fileRef = 9FA8ED682C3EA7C900858887 /* ToggleImmersiveSpaceButton.swift */; };
		9FA8ED6B2C3EA7C900858887 /* ImmersiveView.swift in Sources */ = {isa = PBXBuildFile; fileRef = 9FA8ED6A2C3EA7C900858887 /* ImmersiveView.swift */; };
		9FA8ED6D2C3EA7CA00858887 /* Assets.xcassets in Resources */ = {isa = PBXBuildFile; fileRef = 9FA8ED6C2C3EA7CA00858887 /* Assets.xcassets */; };
		9FA8ED702C3EA7CA00858887 /* Preview Assets.xcassets in Resources */ = {isa = PBXBuildFile; fileRef = 9FA8ED6F2C3EA7CA00858887 /* Preview Assets.xcassets */; };
		9FA8ED7B2C3EA7CB00858887 /* BalloonVolleyTests.swift in Sources */ = {isa = PBXBuildFile; fileRef = 9FA8ED7A2C3EA7CB00858887 /* BalloonVolleyTests.swift */; };
/* End PBXBuildFile section */

/* Begin PBXContainerItemProxy section */
		9FA8ED772C3EA7CB00858887 /* PBXContainerItemProxy */ = {
			isa = PBXContainerItemProxy;
			containerPortal = 9FA8ED532C3EA7C800858887 /* Project object */;
			proxyType = 1;
			remoteGlobalIDString = 9FA8ED5A2C3EA7C800858887;
			remoteInfo = BalloonVolley;
		};
/* End PBXContainerItemProxy section */

/* Begin PBXFileReference section */
		9FA8ED5B2C3EA7C800858887 /* BalloonVolley.app */ = {isa = PBXFileReference; explicitFileType = wrapper.application; includeInIndex = 0; path = BalloonVolley.app; sourceTree = BUILT_PRODUCTS_DIR; };
		9FA8ED5F2C3EA7C800858887 /* RealityKitContent */ = {isa = PBXFileReference; lastKnownFileType = wrapper; path = RealityKitContent; sourceTree = "<group>"; };
		9FA8ED622C3EA7C800858887 /* BalloonVolleyApp.swift */ = {isa = PBXFileReference; lastKnownFileType = sourcecode.swift; path = BalloonVolleyApp.swift; sourceTree = "<group>"; };
		9FA8ED642C3EA7C800858887 /* ContentView.swift */ = {isa = PBXFileReference; lastKnownFileType = sourcecode.swift; path = ContentView.swift; sourceTree = "<group>"; };
		9FA8ED662C3EA7C800858887 /* AppModel.swift */ = {isa = PBXFileReference; lastKnownFileType = sourcecode.swift; path = AppModel.swift; sourceTree = "<group>"; };
		9FA8ED682C3EA7C900858887 /* ToggleImmersiveSpaceButton.swift */ = {isa = PBXFileReference; lastKnownFileType = sourcecode.swift; path = ToggleImmersiveSpaceButton.swift; sourceTree = "<group>"; };
		9FA8ED6A2C3EA7C900858887 /* ImmersiveView.swift */ = {isa = PBXFileReference; lastKnownFileType = sourcecode.swift; path = ImmersiveView.swift; sourceTree = "<group>"; };
		9FA8ED6C2C3EA7CA00858887 /* Assets.xcassets */ = {isa = PBXFileReference; lastKnownFileType = folder.assetcatalog; path = Assets.xcassets; sourceTree = "<group>"; };
		9FA8ED6F2C3EA7CA00858887 /* Preview Assets.xcassets */ = {isa = PBXFileReference; lastKnownFileType = folder.assetcatalog; path = "Preview Assets.xcassets"; sourceTree = "<group>"; };
		9FA8ED712C3EA7CA00858887 /* Info.plist */ = {isa = PBXFileReference; lastKnownFileType = text.plist.xml; path = Info.plist; sourceTree = "<group>"; };
		9FA8ED762C3EA7CB00858887 /* BalloonVolleyTests.xctest */ = {isa = PBXFileReference; explicitFileType = wrapper.cfbundle; includeInIndex = 0; path = BalloonVolleyTests.xctest; sourceTree = BUILT_PRODUCTS_DIR; };
		9FA8ED7A2C3EA7CB00858887 /* BalloonVolleyTests.swift */ = {isa = PBXFileReference; lastKnownFileType = sourcecode.swift; path = BalloonVolleyTests.swift; sourceTree = "<group>"; };
/* End PBXFileReference section */

/* Begin PBXFrameworksBuildPhase section */
		9FA8ED582C3EA7C800858887 /* Frameworks */ = {
			isa = PBXFrameworksBuildPhase;
			buildActionMask = 2147483647;
			files = (
				9FA8ED612C3EA7C800858887 /* RealityKitContent in Frameworks */,
			);
			runOnlyForDeploymentPostprocessing = 0;
		};
		9FA8ED732C3EA7CB00858887 /* Frameworks */ = {
			isa = PBXFrameworksBuildPhase;
			buildActionMask = 2147483647;
			files = (
			);
			runOnlyForDeploymentPostprocessing = 0;
		};
/* End PBXFrameworksBuildPhase section */

/* Begin PBXGroup section */
		9FA8ED522C3EA7C800858887 = {
			isa = PBXGroup;
			children = (
				9FA8ED5D2C3EA7C800858887 /* BalloonVolley */,
				9FA8ED5E2C3EA7C800858887 /* Packages */,
				9FA8ED792C3EA7CB00858887 /* BalloonVolleyTests */,
				9FA8ED5C2C3EA7C800858887 /* Products */,
			);
			sourceTree = "<group>";
		};
		9FA8ED5C2C3EA7C800858887 /* Products */ = {
			isa = PBXGroup;
			children = (
				9FA8ED5B2C3EA7C800858887 /* BalloonVolley.app */,
				9FA8ED762C3EA7CB00858887 /* BalloonVolleyTests.xctest */,
			);
			name = Products;
			sourceTree = "<group>";
		};
		9FA8ED5D2C3EA7C800858887 /* BalloonVolley */ = {
			isa = PBXGroup;
			children = (
				9FA8ED622C3EA7C800858887 /* BalloonVolleyApp.swift */,
				9FA8ED642C3EA7C800858887 /* ContentView.swift */,
				9FA8ED662C3EA7C800858887 /* AppModel.swift */,
				9FA8ED682C3EA7C900858887 /* ToggleImmersiveSpaceButton.swift */,
				9FA8ED6A2C3EA7C900858887 /* ImmersiveView.swift */,
				9FA8ED6C2C3EA7CA00858887 /* Assets.xcassets */,
				9FA8ED712C3EA7CA00858887 /* Info.plist */,
				9FA8ED6E2C3EA7CA00858887 /* Preview Content */,
			);
			path = BalloonVolley;
			sourceTree = "<group>";
		};
		9FA8ED5E2C3EA7C800858887 /* Packages */ = {
			isa = PBXGroup;
			children = (
				9FA8ED5F2C3EA7C800858887 /* RealityKitContent */,
			);
			path = Packages;
			sourceTree = "<group>";
		};
		9FA8ED6E2C3EA7CA00858887 /* Preview Content */ = {
			isa = PBXGroup;
			children = (
				9FA8ED6F2C3EA7CA00858887 /* Preview Assets.xcassets */,
			);
			path = "Preview Content";
			sourceTree = "<group>";
		};
		9FA8ED792C3EA7CB00858887 /* BalloonVolleyTests */ = {
			isa = PBXGroup;
			children = (
				9FA8ED7A2C3EA7CB00858887 /* BalloonVolleyTests.swift */,
			);
			path = BalloonVolleyTests;
			sourceTree = "<group>";
		};
/* End PBXGroup section */

/* Begin PBXNativeTarget section */
		9FA8ED5A2C3EA7C800858887 /* BalloonVolley */ = {
			isa = PBXNativeTarget;
			buildConfigurationList = 9FA8ED7E2C3EA7CB00858887 /* Build configuration list for PBXNativeTarget "BalloonVolley" */;
			buildPhases = (
				9FA8ED572C3EA7C800858887 /* Sources */,
				9FA8ED582C3EA7C800858887 /* Frameworks */,
				9FA8ED592C3EA7C800858887 /* Resources */,
			);
			buildRules = (
			);
			dependencies = (
			);
			name = BalloonVolley;
			packageProductDependencies = (
				9FA8ED602C3EA7C800858887 /* RealityKitContent */,
			);
			productName = BalloonVolley;
			productReference = 9FA8ED5B2C3EA7C800858887 /* BalloonVolley.app */;
			productType = "com.apple.product-type.application";
		};
		9FA8ED752C3EA7CB00858887 /* BalloonVolleyTests */ = {
			isa = PBXNativeTarget;
			buildConfigurationList = 9FA8ED812C3EA7CB00858887 /* Build configuration list for PBXNativeTarget "BalloonVolleyTests" */;
			buildPhases = (
				9FA8ED722C3EA7CB00858887 /* Sources */,
				9FA8ED732C3EA7CB00858887 /* Frameworks */,
				9FA8ED742C3EA7CB00858887 /* Resources */,
			);
			buildRules = (
			);
			dependencies = (
				9FA8ED782C3EA7CB00858887 /* PBXTargetDependency */,
			);
			name = BalloonVolleyTests;
			productName = BalloonVolleyTests;
			productReference = 9FA8ED762C3EA7CB00858887 /* BalloonVolleyTests.xctest */;
			productType = "com.apple.product-type.bundle.unit-test";
		};
/* End PBXNativeTarget section */

/* Begin PBXProject section */
		9FA8ED532C3EA7C800858887 /* Project object */ = {
			isa = PBXProject;
			attributes = {
				BuildIndependentTargetsInParallel = 1;
				LastSwiftUpdateCheck = 1600;
				LastUpgradeCheck = 1600;
				TargetAttributes = {
					9FA8ED5A2C3EA7C800858887 = {
						CreatedOnToolsVersion = 16.0;
					};
					9FA8ED752C3EA7CB00858887 = {
						CreatedOnToolsVersion = 16.0;
						TestTargetID = 9FA8ED5A2C3EA7C800858887;
					};
				};
			};
			buildConfigurationList = 9FA8ED562C3EA7C800858887 /* Build configuration list for PBXProject "BalloonVolley" */;
			compatibilityVersion = "Xcode 15.0";
			developmentRegion = en;
			hasScannedForEncodings = 0;
			knownRegions = (
				en,
				Base,
			);
			mainGroup = 9FA8ED522C3EA7C800858887;
			productRefGroup = 9FA8ED5C2C3EA7C800858887 /* Products */;
			projectDirPath = "";
			projectRoot = "";
			targets = (
				9FA8ED5A2C3EA7C800858887 /* BalloonVolley */,
				9FA8ED752C3EA7CB00858887 /* BalloonVolleyTests */,
			);
		};
/* End PBXProject section */

/* Begin PBXResourcesBuildPhase section */
		9FA8ED592C3EA7C800858887 /* Resources */ = {
			isa = PBXResourcesBuildPhase;
			buildActionMask = 2147483647;
			files = (
				9FA8ED702C3EA7CA00858887 /* Preview Assets.xcassets in Resources */,
				9FA8ED6D2C3EA7CA00858887 /* Assets.xcassets in Resources */,
			);
			runOnlyForDeploymentPostprocessing = 0;
		};
		9FA8ED742C3EA7CB00858887 /* Resources */ = {
			isa = PBXResourcesBuildPhase;
			buildActionMask = 2147483647;
			files = (
			);
			runOnlyForDeploymentPostprocessing = 0;
		};
/* End PBXResourcesBuildPhase section */

/* Begin PBXSourcesBuildPhase section */
		9FA8ED572C3EA7C800858887 /* Sources */ = {
			isa = PBXSourcesBuildPhase;
			buildActionMask = 2147483647;
			files = (
				9FA8ED692C3EA7C900858887 /* ToggleImmersiveSpaceButton.swift in Sources */,
				9FA8ED652C3EA7C800858887 /* ContentView.swift in Sources */,
				9FA8ED6B2C3EA7C900858887 /* ImmersiveView.swift in Sources */,
				9FA8ED672C3EA7C800858887 /* AppModel.swift in Sources */,
				9FA8ED632C3EA7C800858887 /* BalloonVolleyApp.swift in Sources */,
			);
			runOnlyForDeploymentPostprocessing = 0;
		};
		9FA8ED722C3EA7CB00858887 /* Sources */ = {
			isa = PBXSourcesBuildPhase;
			buildActionMask = 2147483647;
			files = (
				9FA8ED7B2C3EA7CB00858887 /* BalloonVolleyTests.swift in Sources */,
			);
			runOnlyForDeploymentPostprocessing = 0;
		};
/* End PBXSourcesBuildPhase section */

/* Begin PBXTargetDependency section */
		9FA8ED782C3EA7CB00858887 /* PBXTargetDependency */ = {
			isa = PBXTargetDependency;
			target = 9FA8ED5A2C3EA7C800858887 /* BalloonVolley */;
			targetProxy = 9FA8ED772C3EA7CB00858887 /* PBXContainerItemProxy */;
		};
/* End PBXTargetDependency section */

/* Begin XCBuildConfiguration section */
		9FA8ED7C2C3EA7CB00858887 /* Debug */ = {
			isa = XCBuildConfiguration;
			buildSettings = {
				ALWAYS_SEARCH_USER_PATHS = NO;
				ASSETCATALOG_COMPILER_GENERATE_SWIFT_ASSET_SYMBOL_EXTENSIONS = YES;
				CLANG_ANALYZER_NONNULL = YES;
				CLANG_ANALYZER_NUMBER_OBJECT_CONVERSION = YES_AGGRESSIVE;
				CLANG_CXX_LANGUAGE_STANDARD = "gnu++20";
				CLANG_ENABLE_MODULES = YES;
				CLANG_ENABLE_OBJC_ARC = YES;
				CLANG_ENABLE_OBJC_WEAK = YES;
				CLANG_WARN_BLOCK_CAPTURE_AUTORELEASING = YES;
				CLANG_WARN_BOOL_CONVERSION = YES;
				CLANG_WARN_COMMA = YES;
				CLANG_WARN_CONSTANT_CONVERSION = YES;
				CLANG_WARN_DEPRECATED_OBJC_IMPLEMENTATIONS = YES;
				CLANG_WARN_DIRECT_OBJC_ISA_USAGE = YES_ERROR;
				CLANG_WARN_DOCUMENTATION_COMMENTS = YES;
				CLANG_WARN_EMPTY_BODY = YES;
				CLANG_WARN_ENUM_CONVERSION = YES;
				CLANG_WARN_INFINITE_RECURSION = YES;
				CLANG_WARN_INT_CONVERSION = YES;
				CLANG_WARN_NON_LITERAL_NULL_CONVERSION = YES;
				CLANG_WARN_OBJC_IMPLICIT_RETAIN_SELF = YES;
				CLANG_WARN_OBJC_LITERAL_CONVERSION = YES;
				CLANG_WARN_OBJC_ROOT_CLASS = YES_ERROR;
				CLANG_WARN_QUOTED_INCLUDE_IN_FRAMEWORK_HEADER = YES;
				CLANG_WARN_RANGE_LOOP_ANALYSIS = YES;
				CLANG_WARN_STRICT_PROTOTYPES = YES;
				CLANG_WARN_SUSPICIOUS_MOVE = YES;
				CLANG_WARN_UNGUARDED_AVAILABILITY = YES_AGGRESSIVE;
				CLANG_WARN_UNREACHABLE_CODE = YES;
				CLANG_WARN__DUPLICATE_METHOD_MATCH = YES;
				COPY_PHASE_STRIP = NO;
				DEBUG_INFORMATION_FORMAT = dwarf;
				ENABLE_STRICT_OBJC_MSGSEND = YES;
				ENABLE_TESTABILITY = YES;
				ENABLE_USER_SCRIPT_SANDBOXING = YES;
				GCC_C_LANGUAGE_STANDARD = gnu17;
				GCC_DYNAMIC_NO_PIC = NO;
				GCC_NO_COMMON_BLOCKS = YES;
				GCC_OPTIMIZATION_LEVEL = 0;
				GCC_PREPROCESSOR_DEFINITIONS = (
					"DEBUG=1",
					"$(inherited)",
				);
				GCC_WARN_64_TO_32_BIT_CONVERSION = YES;
				GCC_WARN_ABOUT_RETURN_TYPE = YES_ERROR;
				GCC_WARN_UNDECLARED_SELECTOR = YES;
				GCC_WARN_UNINITIALIZED_AUTOS = YES_AGGRESSIVE;
				GCC_WARN_UNUSED_FUNCTION = YES;
				GCC_WARN_UNUSED_VARIABLE = YES;
				LOCALIZATION_PREFERS_STRING_CATALOGS = YES;
				MTL_ENABLE_DEBUG_INFO = INCLUDE_SOURCE;
				MTL_FAST_MATH = YES;
				ONLY_ACTIVE_ARCH = YES;
				SDKROOT = xros;
				SWIFT_ACTIVE_COMPILATION_CONDITIONS = "DEBUG $(inherited)";
				SWIFT_OPTIMIZATION_LEVEL = "-Onone";
				XROS_DEPLOYMENT_TARGET = 2.0;
			};
			name = Debug;
		};
		9FA8ED7D2C3EA7CB00858887 /* Release */ = {
			isa = XCBuildConfiguration;
			buildSettings = {
				ALWAYS_SEARCH_USER_PATHS = NO;
				ASSETCATALOG_COMPILER_GENERATE_SWIFT_ASSET_SYMBOL_EXTENSIONS = YES;
				CLANG_ANALYZER_NONNULL = YES;
				CLANG_ANALYZER_NUMBER_OBJECT_CONVERSION = YES_AGGRESSIVE;
				CLANG_CXX_LANGUAGE_STANDARD = "gnu++20";
				CLANG_ENABLE_MODULES = YES;
				CLANG_ENABLE_OBJC_ARC = YES;
				CLANG_ENABLE_OBJC_WEAK = YES;
				CLANG_WARN_BLOCK_CAPTURE_AUTORELEASING = YES;
				CLANG_WARN_BOOL_CONVERSION = YES;
				CLANG_WARN_COMMA = YES;
				CLANG_WARN_CONSTANT_CONVERSION = YES;
				CLANG_WARN_DEPRECATED_OBJC_IMPLEMENTATIONS = YES;
				CLANG_WARN_DIRECT_OBJC_ISA_USAGE = YES_ERROR;
				CLANG_WARN_DOCUMENTATION_COMMENTS = YES;
				CLANG_WARN_EMPTY_BODY = YES;
				CLANG_WARN_ENUM_CONVERSION = YES;
				CLANG_WARN_INFINITE_RECURSION = YES;
				CLANG_WARN_INT_CONVERSION = YES;
				CLANG_WARN_NON_LITERAL_NULL_CONVERSION = YES;
				CLANG_WARN_OBJC_IMPLICIT_RETAIN_SELF = YES;
				CLANG_WARN_OBJC_LITERAL_CONVERSION = YES;
				CLANG_WARN_OBJC_ROOT_CLASS = YES_ERROR;
				CLANG_WARN_QUOTED_INCLUDE_IN_FRAMEWORK_HEADER = YES;
				CLANG_WARN_RANGE_LOOP_ANALYSIS = YES;
				CLANG_WARN_STRICT_PROTOTYPES = YES;
				CLANG_WARN_SUSPICIOUS_MOVE = YES;
				CLANG_WARN_UNGUARDED_AVAILABILITY = YES_AGGRESSIVE;
				CLANG_WARN_UNREACHABLE_CODE = YES;
				CLANG_WARN__DUPLICATE_METHOD_MATCH = YES;
				COPY_PHASE_STRIP = NO;
				DEBUG_INFORMATION_FORMAT = "dwarf-with-dsym";
				ENABLE_NS_ASSERTIONS = NO;
				ENABLE_STRICT_OBJC_MSGSEND = YES;
				ENABLE_USER_SCRIPT_SANDBOXING = YES;
				GCC_C_LANGUAGE_STANDARD = gnu17;
				GCC_NO_COMMON_BLOCKS = YES;
				GCC_WARN_64_TO_32_BIT_CONVERSION = YES;
				GCC_WARN_ABOUT_RETURN_TYPE = YES_ERROR;
				GCC_WARN_UNDECLARED_SELECTOR = YES;
				GCC_WARN_UNINITIALIZED_AUTOS = YES_AGGRESSIVE;
				GCC_WARN_UNUSED_FUNCTION = YES;
				GCC_WARN_UNUSED_VARIABLE = YES;
				LOCALIZATION_PREFERS_STRING_CATALOGS = YES;
				MTL_ENABLE_DEBUG_INFO = NO;
				MTL_FAST_MATH = YES;
				SDKROOT = xros;
				SWIFT_COMPILATION_MODE = wholemodule;
				VALIDATE_PRODUCT = YES;
				XROS_DEPLOYMENT_TARGET = 2.0;
			};
			name = Release;
		};
		9FA8ED7F2C3EA7CB00858887 /* Debug */ = {
			isa = XCBuildConfiguration;
			buildSettings = {
				ASSETCATALOG_COMPILER_APPICON_NAME = AppIcon;
				ASSETCATALOG_COMPILER_GLOBAL_ACCENT_COLOR_NAME = AccentColor;
				CODE_SIGN_STYLE = Automatic;
				CURRENT_PROJECT_VERSION = 1;
				DEVELOPMENT_ASSET_PATHS = "\"BalloonVolley/Preview Content\"";
				DEVELOPMENT_TEAM = AF58A35PK6;
				ENABLE_PREVIEWS = YES;
				GENERATE_INFOPLIST_FILE = YES;
				INFOPLIST_FILE = "$(TARGET_NAME)/Info.plist";
				LD_RUNPATH_SEARCH_PATHS = (
					"$(inherited)",
					"@executable_path/Frameworks",
				);
				MARKETING_VERSION = 1.0;
				PRODUCT_BUNDLE_IDENTIFIER = com.bybison.BalloonVolley;
				PRODUCT_NAME = "$(TARGET_NAME)";
				SUPPORTED_PLATFORMS = "xros xrsimulator";
				SWIFT_EMIT_LOC_STRINGS = YES;
				SWIFT_VERSION = 5.0;
				TARGETED_DEVICE_FAMILY = 7;
			};
			name = Debug;
		};
		9FA8ED802C3EA7CB00858887 /* Release */ = {
			isa = XCBuildConfiguration;
			buildSettings = {
				ASSETCATALOG_COMPILER_APPICON_NAME = AppIcon;
				ASSETCATALOG_COMPILER_GLOBAL_ACCENT_COLOR_NAME = AccentColor;
				CODE_SIGN_STYLE = Automatic;
				CURRENT_PROJECT_VERSION = 1;
				DEVELOPMENT_ASSET_PATHS = "\"BalloonVolley/Preview Content\"";
				DEVELOPMENT_TEAM = AF58A35PK6;
				ENABLE_PREVIEWS = YES;
				GENERATE_INFOPLIST_FILE = YES;
				INFOPLIST_FILE = "$(TARGET_NAME)/Info.plist";
				LD_RUNPATH_SEARCH_PATHS = (
					"$(inherited)",
					"@executable_path/Frameworks",
				);
				MARKETING_VERSION = 1.0;
				PRODUCT_BUNDLE_IDENTIFIER = com.bybison.BalloonVolley;
				PRODUCT_NAME = "$(TARGET_NAME)";
				SUPPORTED_PLATFORMS = "xros xrsimulator";
				SWIFT_EMIT_LOC_STRINGS = YES;
				SWIFT_VERSION = 5.0;
				TARGETED_DEVICE_FAMILY = 7;
			};
			name = Release;
		};
		9FA8ED822C3EA7CB00858887 /* Debug */ = {
			isa = XCBuildConfiguration;
			buildSettings = {
				BUNDLE_LOADER = "$(TEST_HOST)";
				CODE_SIGN_STYLE = Automatic;
				CURRENT_PROJECT_VERSION = 1;
				DEVELOPMENT_TEAM = AF58A35PK6;
				GENERATE_INFOPLIST_FILE = YES;
				MARKETING_VERSION = 1.0;
				PRODUCT_BUNDLE_IDENTIFIER = com.bybison.BalloonVolleyTests;
				PRODUCT_NAME = "$(TARGET_NAME)";
				SUPPORTED_PLATFORMS = "xros xrsimulator";
				SWIFT_EMIT_LOC_STRINGS = NO;
				SWIFT_VERSION = 5.0;
				TARGETED_DEVICE_FAMILY = 7;
				TEST_HOST = "$(BUILT_PRODUCTS_DIR)/BalloonVolley.app/$(BUNDLE_EXECUTABLE_FOLDER_PATH)/BalloonVolley";
				XROS_DEPLOYMENT_TARGET = 2.0;
			};
			name = Debug;
		};
		9FA8ED832C3EA7CB00858887 /* Release */ = {
			isa = XCBuildConfiguration;
			buildSettings = {
				BUNDLE_LOADER = "$(TEST_HOST)";
				CODE_SIGN_STYLE = Automatic;
				CURRENT_PROJECT_VERSION = 1;
				DEVELOPMENT_TEAM = AF58A35PK6;
				GENERATE_INFOPLIST_FILE = YES;
				MARKETING_VERSION = 1.0;
				PRODUCT_BUNDLE_IDENTIFIER = com.bybison.BalloonVolleyTests;
				PRODUCT_NAME = "$(TARGET_NAME)";
				SUPPORTED_PLATFORMS = "xros xrsimulator";
				SWIFT_EMIT_LOC_STRINGS = NO;
				SWIFT_VERSION = 5.0;
				TARGETED_DEVICE_FAMILY = 7;
				TEST_HOST = "$(BUILT_PRODUCTS_DIR)/BalloonVolley.app/$(BUNDLE_EXECUTABLE_FOLDER_PATH)/BalloonVolley";
				XROS_DEPLOYMENT_TARGET = 2.0;
			};
			name = Release;
		};
/* End XCBuildConfiguration section */

/* Begin XCConfigurationList section */
		9FA8ED562C3EA7C800858887 /* Build configuration list for PBXProject "BalloonVolley" */ = {
			isa = XCConfigurationList;
			buildConfigurations = (
				9FA8ED7C2C3EA7CB00858887 /* Debug */,
				9FA8ED7D2C3EA7CB00858887 /* Release */,
			);
			defaultConfigurationIsVisible = 0;
			defaultConfigurationName = Release;
		};
		9FA8ED7E2C3EA7CB00858887 /* Build configuration list for PBXNativeTarget "BalloonVolley" */ = {
			isa = XCConfigurationList;
			buildConfigurations = (
				9FA8ED7F2C3EA7CB00858887 /* Debug */,
				9FA8ED802C3EA7CB00858887 /* Release */,
			);
			defaultConfigurationIsVisible = 0;
			defaultConfigurationName = Release;
		};
		9FA8ED812C3EA7CB00858887 /* Build configuration list for PBXNativeTarget "BalloonVolleyTests" */ = {
			isa = XCConfigurationList;
			buildConfigurations = (
				9FA8ED822C3EA7CB00858887 /* Debug */,
				9FA8ED832C3EA7CB00858887 /* Release */,
			);
			defaultConfigurationIsVisible = 0;
			defaultConfigurationName = Release;
		};
/* End XCConfigurationList section */

/* Begin XCSwiftPackageProductDependency section */
		9FA8ED602C3EA7C800858887 /* RealityKitContent */ = {
			isa = XCSwiftPackageProductDependency;
			productName = RealityKitContent;
		};
/* End XCSwiftPackageProductDependency section */
	};
	rootObject = 9FA8ED532C3EA7C800858887 /* Project object */;
}
