// !$*UTF8*$!
{
	archiveVersion = 1;
	classes = {
	};
	objectVersion = 60;
	objects = {

/* Begin PBXBuildFile section */
		810C555B2C2FA6B000DFA7DA /* Extensions.swift in Sources */ = {isa = PBXBuildFile; fileRef = 810C55552C2FA6B000DFA7DA /* Extensions.swift */; };
		810C555C2C2FA6B000DFA7DA /* LSystem.swift in Sources */ = {isa = PBXBuildFile; fileRef = 810C55562C2FA6B000DFA7DA /* LSystem.swift */; };
		810C555D2C2FA6B000DFA7DA /* SunnyTuneSampleModel.swift in Sources */ = {isa = PBXBuildFile; fileRef = 810C55592C2FA6B000DFA7DA /* SunnyTuneSampleModel.swift */; };
		810C555E2C2FA6B000DFA7DA /* LSystemEntity.swift in Sources */ = {isa = PBXBuildFile; fileRef = 810C55572C2FA6B000DFA7DA /* LSystemEntity.swift */; };
		810C555F2C2FA6B000DFA7DA /* Sorlar.swift in Sources */ = {isa = PBXBuildFile; fileRef = 810C55582C2FA6B000DFA7DA /* Sorlar.swift */; };
		810C55602C2FA6B000DFA7DA /* WindowSizeView.swift in Sources */ = {isa = PBXBuildFile; fileRef = 810C555A2C2FA6B000DFA7DA /* WindowSizeView.swift */; };
		81260B5C2C2FA61E006DC2EB /* RealityKitContent in Frameworks */ = {isa = PBXBuildFile; productRef = 81260B5B2C2FA61E006DC2EB /* RealityKitContent */; };
		81260B5E2C2FA61E006DC2EB /* SunnyTuneSampleApp.swift in Sources */ = {isa = PBXBuildFile; fileRef = 81260B5D2C2FA61E006DC2EB /* SunnyTuneSampleApp.swift */; };
		81260B602C2FA61E006DC2EB /* ContentView.swift in Sources */ = {isa = PBXBuildFile; fileRef = 81260B5F2C2FA61E006DC2EB /* ContentView.swift */; };
		81260B682C2FA61F006DC2EB /* Assets.xcassets in Resources */ = {isa = PBXBuildFile; fileRef = 81260B672C2FA61F006DC2EB /* Assets.xcassets */; };
		81260B6B2C2FA61F006DC2EB /* Preview Assets.xcassets in Resources */ = {isa = PBXBuildFile; fileRef = 81260B6A2C2FA61F006DC2EB /* Preview Assets.xcassets */; };
		81260B762C2FA61F006DC2EB /* SunnyTuneSampleTests.swift in Sources */ = {isa = PBXBuildFile; fileRef = 81260B752C2FA61F006DC2EB /* SunnyTuneSampleTests.swift */; };
/* End PBXBuildFile section */

/* Begin PBXContainerItemProxy section */
		81260B722C2FA61F006DC2EB /* PBXContainerItemProxy */ = {
			isa = PBXContainerItemProxy;
			containerPortal = 81260B4E2C2FA61E006DC2EB /* Project object */;
			proxyType = 1;
			remoteGlobalIDString = 81260B552C2FA61E006DC2EB;
			remoteInfo = SunnyTuneSample;
		};
/* End PBXContainerItemProxy section */

/* Begin PBXFileReference section */
		810C55552C2FA6B000DFA7DA /* Extensions.swift */ = {isa = PBXFileReference; lastKnownFileType = sourcecode.swift; path = Extensions.swift; sourceTree = "<group>"; };
		810C55562C2FA6B000DFA7DA /* LSystem.swift */ = {isa = PBXFileReference; lastKnownFileType = sourcecode.swift; path = LSystem.swift; sourceTree = "<group>"; };
		810C55572C2FA6B000DFA7DA /* LSystemEntity.swift */ = {isa = PBXFileReference; lastKnownFileType = sourcecode.swift; path = LSystemEntity.swift; sourceTree = "<group>"; };
		810C55582C2FA6B000DFA7DA /* Sorlar.swift */ = {isa = PBXFileReference; lastKnownFileType = sourcecode.swift; path = Sorlar.swift; sourceTree = "<group>"; };
		810C55592C2FA6B000DFA7DA /* SunnyTuneSampleModel.swift */ = {isa = PBXFileReference; lastKnownFileType = sourcecode.swift; path = SunnyTuneSampleModel.swift; sourceTree = "<group>"; };
		810C555A2C2FA6B000DFA7DA /* WindowSizeView.swift */ = {isa = PBXFileReference; lastKnownFileType = sourcecode.swift; path = WindowSizeView.swift; sourceTree = "<group>"; };
		81260B562C2FA61E006DC2EB /* SunnyTuneSample.app */ = {isa = PBXFileReference; explicitFileType = wrapper.application; includeInIndex = 0; path = SunnyTuneSample.app; sourceTree = BUILT_PRODUCTS_DIR; };
		81260B5A2C2FA61E006DC2EB /* RealityKitContent */ = {isa = PBXFileReference; lastKnownFileType = wrapper; path = RealityKitContent; sourceTree = "<group>"; };
		81260B5D2C2FA61E006DC2EB /* SunnyTuneSampleApp.swift */ = {isa = PBXFileReference; lastKnownFileType = sourcecode.swift; path = SunnyTuneSampleApp.swift; sourceTree = "<group>"; };
		81260B5F2C2FA61E006DC2EB /* ContentView.swift */ = {isa = PBXFileReference; lastKnownFileType = sourcecode.swift; path = ContentView.swift; sourceTree = "<group>"; };
		81260B672C2FA61F006DC2EB /* Assets.xcassets */ = {isa = PBXFileReference; lastKnownFileType = folder.assetcatalog; path = Assets.xcassets; sourceTree = "<group>"; };
		81260B6A2C2FA61F006DC2EB /* Preview Assets.xcassets */ = {isa = PBXFileReference; lastKnownFileType = folder.assetcatalog; path = "Preview Assets.xcassets"; sourceTree = "<group>"; };
		81260B6C2C2FA61F006DC2EB /* Info.plist */ = {isa = PBXFileReference; lastKnownFileType = text.plist.xml; path = Info.plist; sourceTree = "<group>"; };
		81260B712C2FA61F006DC2EB /* SunnyTuneSampleTests.xctest */ = {isa = PBXFileReference; explicitFileType = wrapper.cfbundle; includeInIndex = 0; path = SunnyTuneSampleTests.xctest; sourceTree = BUILT_PRODUCTS_DIR; };
		81260B752C2FA61F006DC2EB /* SunnyTuneSampleTests.swift */ = {isa = PBXFileReference; lastKnownFileType = sourcecode.swift; path = SunnyTuneSampleTests.swift; sourceTree = "<group>"; };
/* End PBXFileReference section */

/* Begin PBXFrameworksBuildPhase section */
		81260B532C2FA61E006DC2EB /* Frameworks */ = {
			isa = PBXFrameworksBuildPhase;
			buildActionMask = 2147483647;
			files = (
				81260B5C2C2FA61E006DC2EB /* RealityKitContent in Frameworks */,
			);
			runOnlyForDeploymentPostprocessing = 0;
		};
		81260B6E2C2FA61F006DC2EB /* Frameworks */ = {
			isa = PBXFrameworksBuildPhase;
			buildActionMask = 2147483647;
			files = (
			);
			runOnlyForDeploymentPostprocessing = 0;
		};
/* End PBXFrameworksBuildPhase section */

/* Begin PBXGroup section */
		81260B4D2C2FA61E006DC2EB = {
			isa = PBXGroup;
			children = (
				81260B582C2FA61E006DC2EB /* SunnyTuneSample */,
				81260B592C2FA61E006DC2EB /* Packages */,
				81260B742C2FA61F006DC2EB /* SunnyTuneSampleTests */,
				81260B572C2FA61E006DC2EB /* Products */,
			);
			sourceTree = "<group>";
		};
		81260B572C2FA61E006DC2EB /* Products */ = {
			isa = PBXGroup;
			children = (
				81260B562C2FA61E006DC2EB /* SunnyTuneSample.app */,
				81260B712C2FA61F006DC2EB /* SunnyTuneSampleTests.xctest */,
			);
			name = Products;
			sourceTree = "<group>";
		};
		81260B582C2FA61E006DC2EB /* SunnyTuneSample */ = {
			isa = PBXGroup;
			children = (
				810C55552C2FA6B000DFA7DA /* Extensions.swift */,
				810C55562C2FA6B000DFA7DA /* LSystem.swift */,
				810C55572C2FA6B000DFA7DA /* LSystemEntity.swift */,
				810C55582C2FA6B000DFA7DA /* Sorlar.swift */,
				810C55592C2FA6B000DFA7DA /* SunnyTuneSampleModel.swift */,
				810C555A2C2FA6B000DFA7DA /* WindowSizeView.swift */,
				81260B5D2C2FA61E006DC2EB /* SunnyTuneSampleApp.swift */,
				81260B5F2C2FA61E006DC2EB /* ContentView.swift */,
				81260B672C2FA61F006DC2EB /* Assets.xcassets */,
				81260B6C2C2FA61F006DC2EB /* Info.plist */,
				81260B692C2FA61F006DC2EB /* Preview Content */,
			);
			path = SunnyTuneSample;
			sourceTree = "<group>";
		};
		81260B592C2FA61E006DC2EB /* Packages */ = {
			isa = PBXGroup;
			children = (
				81260B5A2C2FA61E006DC2EB /* RealityKitContent */,
			);
			path = Packages;
			sourceTree = "<group>";
		};
		81260B692C2FA61F006DC2EB /* Preview Content */ = {
			isa = PBXGroup;
			children = (
				81260B6A2C2FA61F006DC2EB /* Preview Assets.xcassets */,
			);
			path = "Preview Content";
			sourceTree = "<group>";
		};
		81260B742C2FA61F006DC2EB /* SunnyTuneSampleTests */ = {
			isa = PBXGroup;
			children = (
				81260B752C2FA61F006DC2EB /* SunnyTuneSampleTests.swift */,
			);
			path = SunnyTuneSampleTests;
			sourceTree = "<group>";
		};
/* End PBXGroup section */

/* Begin PBXNativeTarget section */
		81260B552C2FA61E006DC2EB /* SunnyTuneSample */ = {
			isa = PBXNativeTarget;
			buildConfigurationList = 81260B792C2FA61F006DC2EB /* Build configuration list for PBXNativeTarget "SunnyTuneSample" */;
			buildPhases = (
				81260B522C2FA61E006DC2EB /* Sources */,
				81260B532C2FA61E006DC2EB /* Frameworks */,
				81260B542C2FA61E006DC2EB /* Resources */,
			);
			buildRules = (
			);
			dependencies = (
			);
			name = SunnyTuneSample;
			packageProductDependencies = (
				81260B5B2C2FA61E006DC2EB /* RealityKitContent */,
			);
			productName = SunnyTuneSample;
			productReference = 81260B562C2FA61E006DC2EB /* SunnyTuneSample.app */;
			productType = "com.apple.product-type.application";
		};
		81260B702C2FA61F006DC2EB /* SunnyTuneSampleTests */ = {
			isa = PBXNativeTarget;
			buildConfigurationList = 81260B7C2C2FA61F006DC2EB /* Build configuration list for PBXNativeTarget "SunnyTuneSampleTests" */;
			buildPhases = (
				81260B6D2C2FA61F006DC2EB /* Sources */,
				81260B6E2C2FA61F006DC2EB /* Frameworks */,
				81260B6F2C2FA61F006DC2EB /* Resources */,
			);
			buildRules = (
			);
			dependencies = (
				81260B732C2FA61F006DC2EB /* PBXTargetDependency */,
			);
			name = SunnyTuneSampleTests;
			productName = SunnyTuneSampleTests;
			productReference = 81260B712C2FA61F006DC2EB /* SunnyTuneSampleTests.xctest */;
			productType = "com.apple.product-type.bundle.unit-test";
		};
/* End PBXNativeTarget section */

/* Begin PBXProject section */
		81260B4E2C2FA61E006DC2EB /* Project object */ = {
			isa = PBXProject;
			attributes = {
				BuildIndependentTargetsInParallel = 1;
				LastSwiftUpdateCheck = 1600;
				LastUpgradeCheck = 1600;
				TargetAttributes = {
					81260B552C2FA61E006DC2EB = {
						CreatedOnToolsVersion = 16.0;
					};
					81260B702C2FA61F006DC2EB = {
						CreatedOnToolsVersion = 16.0;
						TestTargetID = 81260B552C2FA61E006DC2EB;
					};
				};
			};
			buildConfigurationList = 81260B512C2FA61E006DC2EB /* Build configuration list for PBXProject "SunnyTuneSample" */;
			compatibilityVersion = "Xcode 15.0";
			developmentRegion = en;
			hasScannedForEncodings = 0;
			knownRegions = (
				en,
				Base,
			);
			mainGroup = 81260B4D2C2FA61E006DC2EB;
			productRefGroup = 81260B572C2FA61E006DC2EB /* Products */;
			projectDirPath = "";
			projectRoot = "";
			targets = (
				81260B552C2FA61E006DC2EB /* SunnyTuneSample */,
				81260B702C2FA61F006DC2EB /* SunnyTuneSampleTests */,
			);
		};
/* End PBXProject section */

/* Begin PBXResourcesBuildPhase section */
		81260B542C2FA61E006DC2EB /* Resources */ = {
			isa = PBXResourcesBuildPhase;
			buildActionMask = 2147483647;
			files = (
				81260B6B2C2FA61F006DC2EB /* Preview Assets.xcassets in Resources */,
				81260B682C2FA61F006DC2EB /* Assets.xcassets in Resources */,
			);
			runOnlyForDeploymentPostprocessing = 0;
		};
		81260B6F2C2FA61F006DC2EB /* Resources */ = {
			isa = PBXResourcesBuildPhase;
			buildActionMask = 2147483647;
			files = (
			);
			runOnlyForDeploymentPostprocessing = 0;
		};
/* End PBXResourcesBuildPhase section */

/* Begin PBXSourcesBuildPhase section */
		81260B522C2FA61E006DC2EB /* Sources */ = {
			isa = PBXSourcesBuildPhase;
			buildActionMask = 2147483647;
			files = (
				81260B602C2FA61E006DC2EB /* ContentView.swift in Sources */,
				81260B5E2C2FA61E006DC2EB /* SunnyTuneSampleApp.swift in Sources */,
				810C555B2C2FA6B000DFA7DA /* Extensions.swift in Sources */,
				810C555C2C2FA6B000DFA7DA /* LSystem.swift in Sources */,
				810C555D2C2FA6B000DFA7DA /* SunnyTuneSampleModel.swift in Sources */,
				810C555E2C2FA6B000DFA7DA /* LSystemEntity.swift in Sources */,
				810C555F2C2FA6B000DFA7DA /* Sorlar.swift in Sources */,
				810C55602C2FA6B000DFA7DA /* WindowSizeView.swift in Sources */,
			);
			runOnlyForDeploymentPostprocessing = 0;
		};
		81260B6D2C2FA61F006DC2EB /* Sources */ = {
			isa = PBXSourcesBuildPhase;
			buildActionMask = 2147483647;
			files = (
				81260B762C2FA61F006DC2EB /* SunnyTuneSampleTests.swift in Sources */,
			);
			runOnlyForDeploymentPostprocessing = 0;
		};
/* End PBXSourcesBuildPhase section */

/* Begin PBXTargetDependency section */
		81260B732C2FA61F006DC2EB /* PBXTargetDependency */ = {
			isa = PBXTargetDependency;
			target = 81260B552C2FA61E006DC2EB /* SunnyTuneSample */;
			targetProxy = 81260B722C2FA61F006DC2EB /* PBXContainerItemProxy */;
		};
/* End PBXTargetDependency section */

/* Begin XCBuildConfiguration section */
		81260B772C2FA61F006DC2EB /* Debug */ = {
			isa = XCBuildConfiguration;
			buildSettings = {
				ALWAYS_SEARCH_USER_PATHS = NO;
				ASSETCATALOG_COMPILER_GENERATE_SWIFT_ASSET_SYMBOL_EXTENSIONS = YES;
				CLANG_ANALYZER_NONNULL = YES;
				CLANG_ANALYZER_NUMBER_OBJECT_CONVERSION = YES_AGGRESSIVE;
				CLANG_CXX_LANGUAGE_STANDARD = "gnu++20";
				CLANG_ENABLE_MODULES = YES;
				CLANG_ENABLE_OBJC_ARC = YES;
				CLANG_ENABLE_OBJC_WEAK = YES;
				CLANG_WARN_BLOCK_CAPTURE_AUTORELEASING = YES;
				CLANG_WARN_BOOL_CONVERSION = YES;
				CLANG_WARN_COMMA = YES;
				CLANG_WARN_CONSTANT_CONVERSION = YES;
				CLANG_WARN_DEPRECATED_OBJC_IMPLEMENTATIONS = YES;
				CLANG_WARN_DIRECT_OBJC_ISA_USAGE = YES_ERROR;
				CLANG_WARN_DOCUMENTATION_COMMENTS = YES;
				CLANG_WARN_EMPTY_BODY = YES;
				CLANG_WARN_ENUM_CONVERSION = YES;
				CLANG_WARN_INFINITE_RECURSION = YES;
				CLANG_WARN_INT_CONVERSION = YES;
				CLANG_WARN_NON_LITERAL_NULL_CONVERSION = YES;
				CLANG_WARN_OBJC_IMPLICIT_RETAIN_SELF = YES;
				CLANG_WARN_OBJC_LITERAL_CONVERSION = YES;
				CLANG_WARN_OBJC_ROOT_CLASS = YES_ERROR;
				CLANG_WARN_QUOTED_INCLUDE_IN_FRAMEWORK_HEADER = YES;
				CLANG_WARN_RANGE_LOOP_ANALYSIS = YES;
				CLANG_WARN_STRICT_PROTOTYPES = YES;
				CLANG_WARN_SUSPICIOUS_MOVE = YES;
				CLANG_WARN_UNGUARDED_AVAILABILITY = YES_AGGRESSIVE;
				CLANG_WARN_UNREACHABLE_CODE = YES;
				CLANG_WARN__DUPLICATE_METHOD_MATCH = YES;
				COPY_PHASE_STRIP = NO;
				DEBUG_INFORMATION_FORMAT = dwarf;
				ENABLE_STRICT_OBJC_MSGSEND = YES;
				ENABLE_TESTABILITY = YES;
				ENABLE_USER_SCRIPT_SANDBOXING = YES;
				GCC_C_LANGUAGE_STANDARD = gnu17;
				GCC_DYNAMIC_NO_PIC = NO;
				GCC_NO_COMMON_BLOCKS = YES;
				GCC_OPTIMIZATION_LEVEL = 0;
				GCC_PREPROCESSOR_DEFINITIONS = (
					"DEBUG=1",
					"$(inherited)",
				);
				GCC_WARN_64_TO_32_BIT_CONVERSION = YES;
				GCC_WARN_ABOUT_RETURN_TYPE = YES_ERROR;
				GCC_WARN_UNDECLARED_SELECTOR = YES;
				GCC_WARN_UNINITIALIZED_AUTOS = YES_AGGRESSIVE;
				GCC_WARN_UNUSED_FUNCTION = YES;
				GCC_WARN_UNUSED_VARIABLE = YES;
				LOCALIZATION_PREFERS_STRING_CATALOGS = YES;
				MTL_ENABLE_DEBUG_INFO = INCLUDE_SOURCE;
				MTL_FAST_MATH = YES;
				ONLY_ACTIVE_ARCH = YES;
				SDKROOT = xros;
				SWIFT_ACTIVE_COMPILATION_CONDITIONS = "DEBUG $(inherited)";
				SWIFT_OPTIMIZATION_LEVEL = "-Onone";
				XROS_DEPLOYMENT_TARGET = 2.0;
			};
			name = Debug;
		};
		81260B782C2FA61F006DC2EB /* Release */ = {
			isa = XCBuildConfiguration;
			buildSettings = {
				ALWAYS_SEARCH_USER_PATHS = NO;
				ASSETCATALOG_COMPILER_GENERATE_SWIFT_ASSET_SYMBOL_EXTENSIONS = YES;
				CLANG_ANALYZER_NONNULL = YES;
				CLANG_ANALYZER_NUMBER_OBJECT_CONVERSION = YES_AGGRESSIVE;
				CLANG_CXX_LANGUAGE_STANDARD = "gnu++20";
				CLANG_ENABLE_MODULES = YES;
				CLANG_ENABLE_OBJC_ARC = YES;
				CLANG_ENABLE_OBJC_WEAK = YES;
				CLANG_WARN_BLOCK_CAPTURE_AUTORELEASING = YES;
				CLANG_WARN_BOOL_CONVERSION = YES;
				CLANG_WARN_COMMA = YES;
				CLANG_WARN_CONSTANT_CONVERSION = YES;
				CLANG_WARN_DEPRECATED_OBJC_IMPLEMENTATIONS = YES;
				CLANG_WARN_DIRECT_OBJC_ISA_USAGE = YES_ERROR;
				CLANG_WARN_DOCUMENTATION_COMMENTS = YES;
				CLANG_WARN_EMPTY_BODY = YES;
				CLANG_WARN_ENUM_CONVERSION = YES;
				CLANG_WARN_INFINITE_RECURSION = YES;
				CLANG_WARN_INT_CONVERSION = YES;
				CLANG_WARN_NON_LITERAL_NULL_CONVERSION = YES;
				CLANG_WARN_OBJC_IMPLICIT_RETAIN_SELF = YES;
				CLANG_WARN_OBJC_LITERAL_CONVERSION = YES;
				CLANG_WARN_OBJC_ROOT_CLASS = YES_ERROR;
				CLANG_WARN_QUOTED_INCLUDE_IN_FRAMEWORK_HEADER = YES;
				CLANG_WARN_RANGE_LOOP_ANALYSIS = YES;
				CLANG_WARN_STRICT_PROTOTYPES = YES;
				CLANG_WARN_SUSPICIOUS_MOVE = YES;
				CLANG_WARN_UNGUARDED_AVAILABILITY = YES_AGGRESSIVE;
				CLANG_WARN_UNREACHABLE_CODE = YES;
				CLANG_WARN__DUPLICATE_METHOD_MATCH = YES;
				COPY_PHASE_STRIP = NO;
				DEBUG_INFORMATION_FORMAT = "dwarf-with-dsym";
				ENABLE_NS_ASSERTIONS = NO;
				ENABLE_STRICT_OBJC_MSGSEND = YES;
				ENABLE_USER_SCRIPT_SANDBOXING = YES;
				GCC_C_LANGUAGE_STANDARD = gnu17;
				GCC_NO_COMMON_BLOCKS = YES;
				GCC_WARN_64_TO_32_BIT_CONVERSION = YES;
				GCC_WARN_ABOUT_RETURN_TYPE = YES_ERROR;
				GCC_WARN_UNDECLARED_SELECTOR = YES;
				GCC_WARN_UNINITIALIZED_AUTOS = YES_AGGRESSIVE;
				GCC_WARN_UNUSED_FUNCTION = YES;
				GCC_WARN_UNUSED_VARIABLE = YES;
				LOCALIZATION_PREFERS_STRING_CATALOGS = YES;
				MTL_ENABLE_DEBUG_INFO = NO;
				MTL_FAST_MATH = YES;
				SDKROOT = xros;
				SWIFT_COMPILATION_MODE = wholemodule;
				VALIDATE_PRODUCT = YES;
				XROS_DEPLOYMENT_TARGET = 2.0;
			};
			name = Release;
		};
		81260B7A2C2FA61F006DC2EB /* Debug */ = {
			isa = XCBuildConfiguration;
			buildSettings = {
				ASSETCATALOG_COMPILER_APPICON_NAME = AppIcon;
				ASSETCATALOG_COMPILER_GLOBAL_ACCENT_COLOR_NAME = AccentColor;
				CODE_SIGN_STYLE = Automatic;
				CURRENT_PROJECT_VERSION = 1;
				DEVELOPMENT_ASSET_PATHS = "\"SunnyTuneSample/Preview Content\"";
				DEVELOPMENT_TEAM = 9WD5876MRD;
				ENABLE_PREVIEWS = YES;
				GENERATE_INFOPLIST_FILE = YES;
				INFOPLIST_FILE = "$(TARGET_NAME)/Info.plist";
				LD_RUNPATH_SEARCH_PATHS = (
					"$(inherited)",
					"@executable_path/Frameworks",
				);
				MARKETING_VERSION = 1.0;
				PRODUCT_BUNDLE_IDENTIFIER = com.meson.SunnyTuneSample;
				PRODUCT_NAME = "$(TARGET_NAME)";
				SUPPORTED_PLATFORMS = "xros xrsimulator";
				SWIFT_EMIT_LOC_STRINGS = YES;
				SWIFT_VERSION = 5.0;
				TARGETED_DEVICE_FAMILY = 7;
			};
			name = Debug;
		};
		81260B7B2C2FA61F006DC2EB /* Release */ = {
			isa = XCBuildConfiguration;
			buildSettings = {
				ASSETCATALOG_COMPILER_APPICON_NAME = AppIcon;
				ASSETCATALOG_COMPILER_GLOBAL_ACCENT_COLOR_NAME = AccentColor;
				CODE_SIGN_STYLE = Automatic;
				CURRENT_PROJECT_VERSION = 1;
				DEVELOPMENT_ASSET_PATHS = "\"SunnyTuneSample/Preview Content\"";
				DEVELOPMENT_TEAM = 9WD5876MRD;
				ENABLE_PREVIEWS = YES;
				GENERATE_INFOPLIST_FILE = YES;
				INFOPLIST_FILE = "$(TARGET_NAME)/Info.plist";
				LD_RUNPATH_SEARCH_PATHS = (
					"$(inherited)",
					"@executable_path/Frameworks",
				);
				MARKETING_VERSION = 1.0;
				PRODUCT_BUNDLE_IDENTIFIER = com.meson.SunnyTuneSample;
				PRODUCT_NAME = "$(TARGET_NAME)";
				SUPPORTED_PLATFORMS = "xros xrsimulator";
				SWIFT_EMIT_LOC_STRINGS = YES;
				SWIFT_VERSION = 5.0;
				TARGETED_DEVICE_FAMILY = 7;
			};
			name = Release;
		};
		81260B7D2C2FA61F006DC2EB /* Debug */ = {
			isa = XCBuildConfiguration;
			buildSettings = {
				BUNDLE_LOADER = "$(TEST_HOST)";
				CODE_SIGN_STYLE = Automatic;
				CURRENT_PROJECT_VERSION = 1;
				DEVELOPMENT_TEAM = 9WD5876MRD;
				GENERATE_INFOPLIST_FILE = YES;
				MARKETING_VERSION = 1.0;
				PRODUCT_BUNDLE_IDENTIFIER = com.meson.SunnyTuneSampleTests;
				PRODUCT_NAME = "$(TARGET_NAME)";
				SUPPORTED_PLATFORMS = "xros xrsimulator";
				SWIFT_EMIT_LOC_STRINGS = NO;
				SWIFT_VERSION = 5.0;
				TARGETED_DEVICE_FAMILY = 7;
				TEST_HOST = "$(BUILT_PRODUCTS_DIR)/SunnyTuneSample.app/$(BUNDLE_EXECUTABLE_FOLDER_PATH)/SunnyTuneSample";
				XROS_DEPLOYMENT_TARGET = 2.0;
			};
			name = Debug;
		};
		81260B7E2C2FA61F006DC2EB /* Release */ = {
			isa = XCBuildConfiguration;
			buildSettings = {
				BUNDLE_LOADER = "$(TEST_HOST)";
				CODE_SIGN_STYLE = Automatic;
				CURRENT_PROJECT_VERSION = 1;
				DEVELOPMENT_TEAM = 9WD5876MRD;
				GENERATE_INFOPLIST_FILE = YES;
				MARKETING_VERSION = 1.0;
				PRODUCT_BUNDLE_IDENTIFIER = com.meson.SunnyTuneSampleTests;
				PRODUCT_NAME = "$(TARGET_NAME)";
				SUPPORTED_PLATFORMS = "xros xrsimulator";
				SWIFT_EMIT_LOC_STRINGS = NO;
				SWIFT_VERSION = 5.0;
				TARGETED_DEVICE_FAMILY = 7;
				TEST_HOST = "$(BUILT_PRODUCTS_DIR)/SunnyTuneSample.app/$(BUNDLE_EXECUTABLE_FOLDER_PATH)/SunnyTuneSample";
				XROS_DEPLOYMENT_TARGET = 2.0;
			};
			name = Release;
		};
/* End XCBuildConfiguration section */

/* Begin XCConfigurationList section */
		81260B512C2FA61E006DC2EB /* Build configuration list for PBXProject "SunnyTuneSample" */ = {
			isa = XCConfigurationList;
			buildConfigurations = (
				81260B772C2FA61F006DC2EB /* Debug */,
				81260B782C2FA61F006DC2EB /* Release */,
			);
			defaultConfigurationIsVisible = 0;
			defaultConfigurationName = Release;
		};
		81260B792C2FA61F006DC2EB /* Build configuration list for PBXNativeTarget "SunnyTuneSample" */ = {
			isa = XCConfigurationList;
			buildConfigurations = (
				81260B7A2C2FA61F006DC2EB /* Debug */,
				81260B7B2C2FA61F006DC2EB /* Release */,
			);
			defaultConfigurationIsVisible = 0;
			defaultConfigurationName = Release;
		};
		81260B7C2C2FA61F006DC2EB /* Build configuration list for PBXNativeTarget "SunnyTuneSampleTests" */ = {
			isa = XCConfigurationList;
			buildConfigurations = (
				81260B7D2C2FA61F006DC2EB /* Debug */,
				81260B7E2C2FA61F006DC2EB /* Release */,
			);
			defaultConfigurationIsVisible = 0;
			defaultConfigurationName = Release;
		};
/* End XCConfigurationList section */

/* Begin XCSwiftPackageProductDependency section */
		81260B5B2C2FA61E006DC2EB /* RealityKitContent */ = {
			isa = XCSwiftPackageProductDependency;
			productName = RealityKitContent;
		};
/* End XCSwiftPackageProductDependency section */
	};
	rootObject = 81260B4E2C2FA61E006DC2EB /* Project object */;
}
